// !$*UTF8*$!
{
	archiveVersion = 1;
	classes = {
	};
	objectVersion = 54;
	objects = {

/* Begin PBXBuildFile section */
		FE29391D28B02B5A00D606BD /* AppDelegate.swift in Sources */ = {isa = PBXBuildFile; fileRef = FE29391C28B02B5A00D606BD /* AppDelegate.swift */; };
		FE29391F28B02B5A00D606BD /* SceneDelegate.swift in Sources */ = {isa = PBXBuildFile; fileRef = FE29391E28B02B5A00D606BD /* SceneDelegate.swift */; };
		FE29392128B02B5A00D606BD /* CitiesViewController.swift in Sources */ = {isa = PBXBuildFile; fileRef = FE29392028B02B5A00D606BD /* CitiesViewController.swift */; };
		FE29392728B02B5A00D606BD /* PharosIosAssignment.xcdatamodeld in Sources */ = {isa = PBXBuildFile; fileRef = FE29392528B02B5A00D606BD /* PharosIosAssignment.xcdatamodeld */; };
		FE29392928B02B5B00D606BD /* Assets.xcassets in Resources */ = {isa = PBXBuildFile; fileRef = FE29392828B02B5B00D606BD /* Assets.xcassets */; };
		FE29392C28B02B5B00D606BD /* LaunchScreen.storyboard in Resources */ = {isa = PBXBuildFile; fileRef = FE29392A28B02B5B00D606BD /* LaunchScreen.storyboard */; };
		FE29393728B02B5B00D606BD /* PharosIosAssignmentTests.swift in Sources */ = {isa = PBXBuildFile; fileRef = FE29393628B02B5B00D606BD /* PharosIosAssignmentTests.swift */; };
		FE29394228B02B5B00D606BD /* PharosIosAssignmentUITests.swift in Sources */ = {isa = PBXBuildFile; fileRef = FE29394128B02B5B00D606BD /* PharosIosAssignmentUITests.swift */; };
		FE29396628B030EA00D606BD /* City.swift in Sources */ = {isa = PBXBuildFile; fileRef = FE29396528B030EA00D606BD /* City.swift */; };
		FE29396E28B038AC00D606BD /* Coordinates.swift in Sources */ = {isa = PBXBuildFile; fileRef = FE29396D28B038AC00D606BD /* Coordinates.swift */; };
		FE29397728B0400400D606BD /* CitiesTableViewCell.swift in Sources */ = {isa = PBXBuildFile; fileRef = FE29397628B0400400D606BD /* CitiesTableViewCell.swift */; };
		FE308F7F28B1634000FE3F33 /* CitiesService.swift in Sources */ = {isa = PBXBuildFile; fileRef = FE308F7E28B1634000FE3F33 /* CitiesService.swift */; };
		FE308F8828B163A100FE3F33 /* URL.swift in Sources */ = {isa = PBXBuildFile; fileRef = FE308F8728B163A100FE3F33 /* URL.swift */; };
		FE308FA028B1671E00FE3F33 /* CitiesViewModel.swift in Sources */ = {isa = PBXBuildFile; fileRef = FE308F9F28B1671E00FE3F33 /* CitiesViewModel.swift */; };
		FE308FA828B1A87800FE3F33 /* Credentials.swift in Sources */ = {isa = PBXBuildFile; fileRef = FE308FA728B1A87800FE3F33 /* Credentials.swift */; };
		FE308FB328B1B39000FE3F33 /* ImageService.swift in Sources */ = {isa = PBXBuildFile; fileRef = FE308FB228B1B39000FE3F33 /* ImageService.swift */; };
		FE308FBE28B23E0200FE3F33 /* UIImageView + Cache.swift in Sources */ = {isa = PBXBuildFile; fileRef = FE308FBD28B23E0200FE3F33 /* UIImageView + Cache.swift */; };
		FE308FD228B25A8600FE3F33 /* FileManger.swift in Sources */ = {isa = PBXBuildFile; fileRef = FE308FD128B25A8600FE3F33 /* FileManger.swift */; };
		FE308FDA28B25EB900FE3F33 /* CitiesViewController + searchBar.swift in Sources */ = {isa = PBXBuildFile; fileRef = FE308FD928B25EB900FE3F33 /* CitiesViewController + searchBar.swift */; };
		FE308FE028B2634A00FE3F33 /* CItyMapViewController.swift in Sources */ = {isa = PBXBuildFile; fileRef = FE308FDF28B2634A00FE3F33 /* CItyMapViewController.swift */; };
		FE308FE528B2681900FE3F33 /* MapObject.swift in Sources */ = {isa = PBXBuildFile; fileRef = FE308FE428B2681900FE3F33 /* MapObject.swift */; };
/* End PBXBuildFile section */

/* Begin PBXContainerItemProxy section */
		FE29393328B02B5B00D606BD /* PBXContainerItemProxy */ = {
			isa = PBXContainerItemProxy;
			containerPortal = FE29391128B02B5A00D606BD /* Project object */;
			proxyType = 1;
			remoteGlobalIDString = FE29391828B02B5A00D606BD;
			remoteInfo = PharosIosAssignment;
		};
		FE29393E28B02B5B00D606BD /* PBXContainerItemProxy */ = {
			isa = PBXContainerItemProxy;
			containerPortal = FE29391128B02B5A00D606BD /* Project object */;
			proxyType = 1;
			remoteGlobalIDString = FE29391828B02B5A00D606BD;
			remoteInfo = PharosIosAssignment;
		};
/* End PBXContainerItemProxy section */

/* Begin PBXFileReference section */
		FE29391928B02B5A00D606BD /* PharosIosAssignment.app */ = {isa = PBXFileReference; explicitFileType = wrapper.application; includeInIndex = 0; path = PharosIosAssignment.app; sourceTree = BUILT_PRODUCTS_DIR; };
		FE29391C28B02B5A00D606BD /* AppDelegate.swift */ = {isa = PBXFileReference; lastKnownFileType = sourcecode.swift; path = AppDelegate.swift; sourceTree = "<group>"; };
		FE29391E28B02B5A00D606BD /* SceneDelegate.swift */ = {isa = PBXFileReference; lastKnownFileType = sourcecode.swift; path = SceneDelegate.swift; sourceTree = "<group>"; };
		FE29392028B02B5A00D606BD /* CitiesViewController.swift */ = {isa = PBXFileReference; lastKnownFileType = sourcecode.swift; path = CitiesViewController.swift; sourceTree = "<group>"; };
		FE29392628B02B5A00D606BD /* PharosIosAssignment.xcdatamodel */ = {isa = PBXFileReference; lastKnownFileType = wrapper.xcdatamodel; path = PharosIosAssignment.xcdatamodel; sourceTree = "<group>"; };
		FE29392828B02B5B00D606BD /* Assets.xcassets */ = {isa = PBXFileReference; lastKnownFileType = folder.assetcatalog; path = Assets.xcassets; sourceTree = "<group>"; };
		FE29392B28B02B5B00D606BD /* Base */ = {isa = PBXFileReference; lastKnownFileType = file.storyboard; name = Base; path = Base.lproj/LaunchScreen.storyboard; sourceTree = "<group>"; };
		FE29392D28B02B5B00D606BD /* Info.plist */ = {isa = PBXFileReference; lastKnownFileType = text.plist.xml; path = Info.plist; sourceTree = "<group>"; };
		FE29393228B02B5B00D606BD /* PharosIosAssignmentTests.xctest */ = {isa = PBXFileReference; explicitFileType = wrapper.cfbundle; includeInIndex = 0; path = PharosIosAssignmentTests.xctest; sourceTree = BUILT_PRODUCTS_DIR; };
		FE29393628B02B5B00D606BD /* PharosIosAssignmentTests.swift */ = {isa = PBXFileReference; lastKnownFileType = sourcecode.swift; path = PharosIosAssignmentTests.swift; sourceTree = "<group>"; };
		FE29393828B02B5B00D606BD /* Info.plist */ = {isa = PBXFileReference; lastKnownFileType = text.plist.xml; path = Info.plist; sourceTree = "<group>"; };
		FE29393D28B02B5B00D606BD /* PharosIosAssignmentUITests.xctest */ = {isa = PBXFileReference; explicitFileType = wrapper.cfbundle; includeInIndex = 0; path = PharosIosAssignmentUITests.xctest; sourceTree = BUILT_PRODUCTS_DIR; };
		FE29394128B02B5B00D606BD /* PharosIosAssignmentUITests.swift */ = {isa = PBXFileReference; lastKnownFileType = sourcecode.swift; path = PharosIosAssignmentUITests.swift; sourceTree = "<group>"; };
		FE29394328B02B5B00D606BD /* Info.plist */ = {isa = PBXFileReference; lastKnownFileType = text.plist.xml; path = Info.plist; sourceTree = "<group>"; };
		FE29396528B030EA00D606BD /* City.swift */ = {isa = PBXFileReference; lastKnownFileType = sourcecode.swift; path = City.swift; sourceTree = "<group>"; };
		FE29396D28B038AC00D606BD /* Coordinates.swift */ = {isa = PBXFileReference; lastKnownFileType = sourcecode.swift; path = Coordinates.swift; sourceTree = "<group>"; };
		FE29397628B0400400D606BD /* CitiesTableViewCell.swift */ = {isa = PBXFileReference; lastKnownFileType = sourcecode.swift; path = CitiesTableViewCell.swift; sourceTree = "<group>"; };
		FE308F7E28B1634000FE3F33 /* CitiesService.swift */ = {isa = PBXFileReference; lastKnownFileType = sourcecode.swift; path = CitiesService.swift; sourceTree = "<group>"; };
		FE308F8728B163A100FE3F33 /* URL.swift */ = {isa = PBXFileReference; lastKnownFileType = sourcecode.swift; path = URL.swift; sourceTree = "<group>"; };
		FE308F9F28B1671E00FE3F33 /* CitiesViewModel.swift */ = {isa = PBXFileReference; lastKnownFileType = sourcecode.swift; path = CitiesViewModel.swift; sourceTree = "<group>"; };
		FE308FA728B1A87800FE3F33 /* Credentials.swift */ = {isa = PBXFileReference; lastKnownFileType = sourcecode.swift; path = Credentials.swift; sourceTree = "<group>"; };
		FE308FB228B1B39000FE3F33 /* ImageService.swift */ = {isa = PBXFileReference; lastKnownFileType = sourcecode.swift; path = ImageService.swift; sourceTree = "<group>"; };
		FE308FBD28B23E0200FE3F33 /* UIImageView + Cache.swift */ = {isa = PBXFileReference; lastKnownFileType = sourcecode.swift; path = "UIImageView + Cache.swift"; sourceTree = "<group>"; };
		FE308FD128B25A8600FE3F33 /* FileManger.swift */ = {isa = PBXFileReference; lastKnownFileType = sourcecode.swift; path = FileManger.swift; sourceTree = "<group>"; };
		FE308FD928B25EB900FE3F33 /* CitiesViewController + searchBar.swift */ = {isa = PBXFileReference; lastKnownFileType = sourcecode.swift; path = "CitiesViewController + searchBar.swift"; sourceTree = "<group>"; };
		FE308FDF28B2634A00FE3F33 /* CItyMapViewController.swift */ = {isa = PBXFileReference; lastKnownFileType = sourcecode.swift; path = CItyMapViewController.swift; sourceTree = "<group>"; };
		FE308FE428B2681900FE3F33 /* MapObject.swift */ = {isa = PBXFileReference; lastKnownFileType = sourcecode.swift; path = MapObject.swift; sourceTree = "<group>"; };
/* End PBXFileReference section */

/* Begin PBXFrameworksBuildPhase section */
		FE29391628B02B5A00D606BD /* Frameworks */ = {
			isa = PBXFrameworksBuildPhase;
			buildActionMask = 2147483647;
			files = (
			);
			runOnlyForDeploymentPostprocessing = 0;
		};
		FE29392F28B02B5B00D606BD /* Frameworks */ = {
			isa = PBXFrameworksBuildPhase;
			buildActionMask = 2147483647;
			files = (
			);
			runOnlyForDeploymentPostprocessing = 0;
		};
		FE29393A28B02B5B00D606BD /* Frameworks */ = {
			isa = PBXFrameworksBuildPhase;
			buildActionMask = 2147483647;
			files = (
			);
			runOnlyForDeploymentPostprocessing = 0;
		};
/* End PBXFrameworksBuildPhase section */

/* Begin PBXGroup section */
		FE29391028B02B5A00D606BD = {
			isa = PBXGroup;
			children = (
				FE29391B28B02B5A00D606BD /* PharosIosAssignment */,
				FE29393528B02B5B00D606BD /* PharosIosAssignmentTests */,
				FE29394028B02B5B00D606BD /* PharosIosAssignmentUITests */,
				FE29391A28B02B5A00D606BD /* Products */,
			);
			sourceTree = "<group>";
		};
		FE29391A28B02B5A00D606BD /* Products */ = {
			isa = PBXGroup;
			children = (
				FE29391928B02B5A00D606BD /* PharosIosAssignment.app */,
				FE29393228B02B5B00D606BD /* PharosIosAssignmentTests.xctest */,
				FE29393D28B02B5B00D606BD /* PharosIosAssignmentUITests.xctest */,
			);
			name = Products;
			sourceTree = "<group>";
		};
		FE29391B28B02B5A00D606BD /* PharosIosAssignment */ = {
			isa = PBXGroup;
			children = (
				FE308FDE28B2632500FE3F33 /* ViewControllers */,
				FE308FD028B25A7800FE3F33 /* FileManger */,
				FE308FBC28B23DE400FE3F33 /* Extensions */,
				FE308F9E28B1670900FE3F33 /* ViewModels */,
				FE308F8628B1639400FE3F33 /* Constants */,
				FE308F7D28B1632600FE3F33 /* Services */,
				FE29397528B03FCD00D606BD /* Cells */,
				FE29396428B0309C00D606BD /* POJOs */,
				FE29391C28B02B5A00D606BD /* AppDelegate.swift */,
				FE29391E28B02B5A00D606BD /* SceneDelegate.swift */,
				FE29392828B02B5B00D606BD /* Assets.xcassets */,
				FE29392A28B02B5B00D606BD /* LaunchScreen.storyboard */,
				FE29392D28B02B5B00D606BD /* Info.plist */,
				FE29392528B02B5A00D606BD /* PharosIosAssignment.xcdatamodeld */,
			);
			path = PharosIosAssignment;
			sourceTree = "<group>";
		};
		FE29393528B02B5B00D606BD /* PharosIosAssignmentTests */ = {
			isa = PBXGroup;
			children = (
				FE29393628B02B5B00D606BD /* PharosIosAssignmentTests.swift */,
				FE29393828B02B5B00D606BD /* Info.plist */,
			);
			path = PharosIosAssignmentTests;
			sourceTree = "<group>";
		};
		FE29394028B02B5B00D606BD /* PharosIosAssignmentUITests */ = {
			isa = PBXGroup;
			children = (
				FE29394128B02B5B00D606BD /* PharosIosAssignmentUITests.swift */,
				FE29394328B02B5B00D606BD /* Info.plist */,
			);
			path = PharosIosAssignmentUITests;
			sourceTree = "<group>";
		};
		FE29396428B0309C00D606BD /* POJOs */ = {
			isa = PBXGroup;
			children = (
				FE29396528B030EA00D606BD /* City.swift */,
				FE29396D28B038AC00D606BD /* Coordinates.swift */,
				FE308FE428B2681900FE3F33 /* MapObject.swift */,
			);
			path = POJOs;
			sourceTree = "<group>";
		};
		FE29397528B03FCD00D606BD /* Cells */ = {
			isa = PBXGroup;
			children = (
				FE29397628B0400400D606BD /* CitiesTableViewCell.swift */,
			);
			path = Cells;
			sourceTree = "<group>";
		};
		FE308F7D28B1632600FE3F33 /* Services */ = {
			isa = PBXGroup;
			children = (
				FE308F7E28B1634000FE3F33 /* CitiesService.swift */,
				FE308FB228B1B39000FE3F33 /* ImageService.swift */,
			);
			path = Services;
			sourceTree = "<group>";
		};
		FE308F8628B1639400FE3F33 /* Constants */ = {
			isa = PBXGroup;
			children = (
				FE308F8728B163A100FE3F33 /* URL.swift */,
				FE308FA728B1A87800FE3F33 /* Credentials.swift */,
			);
			path = Constants;
			sourceTree = "<group>";
		};
		FE308F9E28B1670900FE3F33 /* ViewModels */ = {
			isa = PBXGroup;
			children = (
				FE308F9F28B1671E00FE3F33 /* CitiesViewModel.swift */,
			);
			path = ViewModels;
			sourceTree = "<group>";
		};
		FE308FBC28B23DE400FE3F33 /* Extensions */ = {
			isa = PBXGroup;
			children = (
				FE308FBD28B23E0200FE3F33 /* UIImageView + Cache.swift */,
				FE308FD928B25EB900FE3F33 /* CitiesViewController + searchBar.swift */,
			);
			path = Extensions;
			sourceTree = "<group>";
		};
		FE308FD028B25A7800FE3F33 /* FileManger */ = {
			isa = PBXGroup;
			children = (
				FE308FD128B25A8600FE3F33 /* FileManger.swift */,
			);
			path = FileManger;
			sourceTree = "<group>";
		};
		FE308FDE28B2632500FE3F33 /* ViewControllers */ = {
			isa = PBXGroup;
			children = (
				FE29392028B02B5A00D606BD /* CitiesViewController.swift */,
				FE308FDF28B2634A00FE3F33 /* CItyMapViewController.swift */,
			);
			path = ViewControllers;
			sourceTree = "<group>";
		};
/* End PBXGroup section */

/* Begin PBXNativeTarget section */
		FE29391828B02B5A00D606BD /* PharosIosAssignment */ = {
			isa = PBXNativeTarget;
			buildConfigurationList = FE29394628B02B5B00D606BD /* Build configuration list for PBXNativeTarget "PharosIosAssignment" */;
			buildPhases = (
				FE29391528B02B5A00D606BD /* Sources */,
				FE29391628B02B5A00D606BD /* Frameworks */,
				FE29391728B02B5A00D606BD /* Resources */,
			);
			buildRules = (
			);
			dependencies = (
			);
			name = PharosIosAssignment;
			productName = PharosIosAssignment;
			productReference = FE29391928B02B5A00D606BD /* PharosIosAssignment.app */;
			productType = "com.apple.product-type.application";
		};
		FE29393128B02B5B00D606BD /* PharosIosAssignmentTests */ = {
			isa = PBXNativeTarget;
			buildConfigurationList = FE29394928B02B5B00D606BD /* Build configuration list for PBXNativeTarget "PharosIosAssignmentTests" */;
			buildPhases = (
				FE29392E28B02B5B00D606BD /* Sources */,
				FE29392F28B02B5B00D606BD /* Frameworks */,
				FE29393028B02B5B00D606BD /* Resources */,
			);
			buildRules = (
			);
			dependencies = (
				FE29393428B02B5B00D606BD /* PBXTargetDependency */,
			);
			name = PharosIosAssignmentTests;
			productName = PharosIosAssignmentTests;
			productReference = FE29393228B02B5B00D606BD /* PharosIosAssignmentTests.xctest */;
			productType = "com.apple.product-type.bundle.unit-test";
		};
		FE29393C28B02B5B00D606BD /* PharosIosAssignmentUITests */ = {
			isa = PBXNativeTarget;
			buildConfigurationList = FE29394C28B02B5B00D606BD /* Build configuration list for PBXNativeTarget "PharosIosAssignmentUITests" */;
			buildPhases = (
				FE29393928B02B5B00D606BD /* Sources */,
				FE29393A28B02B5B00D606BD /* Frameworks */,
				FE29393B28B02B5B00D606BD /* Resources */,
			);
			buildRules = (
			);
			dependencies = (
				FE29393F28B02B5B00D606BD /* PBXTargetDependency */,
			);
			name = PharosIosAssignmentUITests;
			productName = PharosIosAssignmentUITests;
			productReference = FE29393D28B02B5B00D606BD /* PharosIosAssignmentUITests.xctest */;
			productType = "com.apple.product-type.bundle.ui-testing";
		};
/* End PBXNativeTarget section */

/* Begin PBXProject section */
		FE29391128B02B5A00D606BD /* Project object */ = {
			isa = PBXProject;
			attributes = {
				LastSwiftUpdateCheck = 1230;
				LastUpgradeCheck = 1230;
				TargetAttributes = {
					FE29391828B02B5A00D606BD = {
						CreatedOnToolsVersion = 12.3;
					};
					FE29393128B02B5B00D606BD = {
						CreatedOnToolsVersion = 12.3;
						TestTargetID = FE29391828B02B5A00D606BD;
					};
					FE29393C28B02B5B00D606BD = {
						CreatedOnToolsVersion = 12.3;
						TestTargetID = FE29391828B02B5A00D606BD;
					};
				};
			};
			buildConfigurationList = FE29391428B02B5A00D606BD /* Build configuration list for PBXProject "PharosIosAssignment" */;
			compatibilityVersion = "Xcode 12.0";
			developmentRegion = en;
			hasScannedForEncodings = 0;
			knownRegions = (
				en,
				Base,
			);
			mainGroup = FE29391028B02B5A00D606BD;
			productRefGroup = FE29391A28B02B5A00D606BD /* Products */;
			projectDirPath = "";
			projectRoot = "";
			targets = (
				FE29391828B02B5A00D606BD /* PharosIosAssignment */,
				FE29393128B02B5B00D606BD /* PharosIosAssignmentTests */,
				FE29393C28B02B5B00D606BD /* PharosIosAssignmentUITests */,
			);
		};
/* End PBXProject section */

/* Begin PBXResourcesBuildPhase section */
		FE29391728B02B5A00D606BD /* Resources */ = {
			isa = PBXResourcesBuildPhase;
			buildActionMask = 2147483647;
			files = (
				FE29392C28B02B5B00D606BD /* LaunchScreen.storyboard in Resources */,
				FE29392928B02B5B00D606BD /* Assets.xcassets in Resources */,
			);
			runOnlyForDeploymentPostprocessing = 0;
		};
		FE29393028B02B5B00D606BD /* Resources */ = {
			isa = PBXResourcesBuildPhase;
			buildActionMask = 2147483647;
			files = (
			);
			runOnlyForDeploymentPostprocessing = 0;
		};
		FE29393B28B02B5B00D606BD /* Resources */ = {
			isa = PBXResourcesBuildPhase;
			buildActionMask = 2147483647;
			files = (
			);
			runOnlyForDeploymentPostprocessing = 0;
		};
/* End PBXResourcesBuildPhase section */

/* Begin PBXSourcesBuildPhase section */
		FE29391528B02B5A00D606BD /* Sources */ = {
			isa = PBXSourcesBuildPhase;
			buildActionMask = 2147483647;
			files = (
				FE308F7F28B1634000FE3F33 /* CitiesService.swift in Sources */,
				FE29392128B02B5A00D606BD /* CitiesViewController.swift in Sources */,
				FE308F8828B163A100FE3F33 /* URL.swift in Sources */,
				FE308FA828B1A87800FE3F33 /* Credentials.swift in Sources */,
				FE29396628B030EA00D606BD /* City.swift in Sources */,
				FE29391D28B02B5A00D606BD /* AppDelegate.swift in Sources */,
				FE29396E28B038AC00D606BD /* Coordinates.swift in Sources */,
				FE308FD228B25A8600FE3F33 /* FileManger.swift in Sources */,
				FE308FDA28B25EB900FE3F33 /* CitiesViewController + searchBar.swift in Sources */,
				FE29392728B02B5A00D606BD /* PharosIosAssignment.xcdatamodeld in Sources */,
				FE308FB328B1B39000FE3F33 /* ImageService.swift in Sources */,
				FE29391F28B02B5A00D606BD /* SceneDelegate.swift in Sources */,
				FE308FE028B2634A00FE3F33 /* CItyMapViewController.swift in Sources */,
				FE29397728B0400400D606BD /* CitiesTableViewCell.swift in Sources */,
				FE308FBE28B23E0200FE3F33 /* UIImageView + Cache.swift in Sources */,
				FE308FE528B2681900FE3F33 /* MapObject.swift in Sources */,
				FE308FA028B1671E00FE3F33 /* CitiesViewModel.swift in Sources */,
			);
			runOnlyForDeploymentPostprocessing = 0;
		};
		FE29392E28B02B5B00D606BD /* Sources */ = {
			isa = PBXSourcesBuildPhase;
			buildActionMask = 2147483647;
			files = (
				FE29393728B02B5B00D606BD /* PharosIosAssignmentTests.swift in Sources */,
			);
			runOnlyForDeploymentPostprocessing = 0;
		};
		FE29393928B02B5B00D606BD /* Sources */ = {
			isa = PBXSourcesBuildPhase;
			buildActionMask = 2147483647;
			files = (
				FE29394228B02B5B00D606BD /* PharosIosAssignmentUITests.swift in Sources */,
			);
			runOnlyForDeploymentPostprocessing = 0;
		};
/* End PBXSourcesBuildPhase section */

/* Begin PBXTargetDependency section */
		FE29393428B02B5B00D606BD /* PBXTargetDependency */ = {
			isa = PBXTargetDependency;
			target = FE29391828B02B5A00D606BD /* PharosIosAssignment */;
			targetProxy = FE29393328B02B5B00D606BD /* PBXContainerItemProxy */;
		};
		FE29393F28B02B5B00D606BD /* PBXTargetDependency */ = {
			isa = PBXTargetDependency;
			target = FE29391828B02B5A00D606BD /* PharosIosAssignment */;
			targetProxy = FE29393E28B02B5B00D606BD /* PBXContainerItemProxy */;
		};
/* End PBXTargetDependency section */

/* Begin PBXVariantGroup section */
		FE29392A28B02B5B00D606BD /* LaunchScreen.storyboard */ = {
			isa = PBXVariantGroup;
			children = (
				FE29392B28B02B5B00D606BD /* Base */,
			);
			name = LaunchScreen.storyboard;
			sourceTree = "<group>";
		};
/* End PBXVariantGroup section */

/* Begin XCBuildConfiguration section */
		FE29394428B02B5B00D606BD /* Debug */ = {
			isa = XCBuildConfiguration;
			buildSettings = {
				ALWAYS_SEARCH_USER_PATHS = NO;
				CLANG_ANALYZER_NONNULL = YES;
				CLANG_ANALYZER_NUMBER_OBJECT_CONVERSION = YES_AGGRESSIVE;
				CLANG_CXX_LANGUAGE_STANDARD = "gnu++14";
				CLANG_CXX_LIBRARY = "libc++";
				CLANG_ENABLE_MODULES = YES;
				CLANG_ENABLE_OBJC_ARC = YES;
				CLANG_ENABLE_OBJC_WEAK = YES;
				CLANG_WARN_BLOCK_CAPTURE_AUTORELEASING = YES;
				CLANG_WARN_BOOL_CONVERSION = YES;
				CLANG_WARN_COMMA = YES;
				CLANG_WARN_CONSTANT_CONVERSION = YES;
				CLANG_WARN_DEPRECATED_OBJC_IMPLEMENTATIONS = YES;
				CLANG_WARN_DIRECT_OBJC_ISA_USAGE = YES_ERROR;
				CLANG_WARN_DOCUMENTATION_COMMENTS = YES;
				CLANG_WARN_EMPTY_BODY = YES;
				CLANG_WARN_ENUM_CONVERSION = YES;
				CLANG_WARN_INFINITE_RECURSION = YES;
				CLANG_WARN_INT_CONVERSION = YES;
				CLANG_WARN_NON_LITERAL_NULL_CONVERSION = YES;
				CLANG_WARN_OBJC_IMPLICIT_RETAIN_SELF = YES;
				CLANG_WARN_OBJC_LITERAL_CONVERSION = YES;
				CLANG_WARN_OBJC_ROOT_CLASS = YES_ERROR;
				CLANG_WARN_QUOTED_INCLUDE_IN_FRAMEWORK_HEADER = YES;
				CLANG_WARN_RANGE_LOOP_ANALYSIS = YES;
				CLANG_WARN_STRICT_PROTOTYPES = YES;
				CLANG_WARN_SUSPICIOUS_MOVE = YES;
				CLANG_WARN_UNGUARDED_AVAILABILITY = YES_AGGRESSIVE;
				CLANG_WARN_UNREACHABLE_CODE = YES;
				CLANG_WARN__DUPLICATE_METHOD_MATCH = YES;
				COPY_PHASE_STRIP = NO;
				DEBUG_INFORMATION_FORMAT = dwarf;
				ENABLE_STRICT_OBJC_MSGSEND = YES;
				ENABLE_TESTABILITY = YES;
				GCC_C_LANGUAGE_STANDARD = gnu11;
				GCC_DYNAMIC_NO_PIC = NO;
				GCC_NO_COMMON_BLOCKS = YES;
				GCC_OPTIMIZATION_LEVEL = 0;
				GCC_PREPROCESSOR_DEFINITIONS = (
					"DEBUG=1",
					"$(inherited)",
				);
				GCC_WARN_64_TO_32_BIT_CONVERSION = YES;
				GCC_WARN_ABOUT_RETURN_TYPE = YES_ERROR;
				GCC_WARN_UNDECLARED_SELECTOR = YES;
				GCC_WARN_UNINITIALIZED_AUTOS = YES_AGGRESSIVE;
				GCC_WARN_UNUSED_FUNCTION = YES;
				GCC_WARN_UNUSED_VARIABLE = YES;
				IPHONEOS_DEPLOYMENT_TARGET = 12.0;
				MTL_ENABLE_DEBUG_INFO = INCLUDE_SOURCE;
				MTL_FAST_MATH = YES;
				ONLY_ACTIVE_ARCH = YES;
				SDKROOT = iphoneos;
				SWIFT_ACTIVE_COMPILATION_CONDITIONS = DEBUG;
				SWIFT_OPTIMIZATION_LEVEL = "-Onone";
			};
			name = Debug;
		};
		FE29394528B02B5B00D606BD /* Release */ = {
			isa = XCBuildConfiguration;
			buildSettings = {
				ALWAYS_SEARCH_USER_PATHS = NO;
				CLANG_ANALYZER_NONNULL = YES;
				CLANG_ANALYZER_NUMBER_OBJECT_CONVERSION = YES_AGGRESSIVE;
				CLANG_CXX_LANGUAGE_STANDARD = "gnu++14";
				CLANG_CXX_LIBRARY = "libc++";
				CLANG_ENABLE_MODULES = YES;
				CLANG_ENABLE_OBJC_ARC = YES;
				CLANG_ENABLE_OBJC_WEAK = YES;
				CLANG_WARN_BLOCK_CAPTURE_AUTORELEASING = YES;
				CLANG_WARN_BOOL_CONVERSION = YES;
				CLANG_WARN_COMMA = YES;
				CLANG_WARN_CONSTANT_CONVERSION = YES;
				CLANG_WARN_DEPRECATED_OBJC_IMPLEMENTATIONS = YES;
				CLANG_WARN_DIRECT_OBJC_ISA_USAGE = YES_ERROR;
				CLANG_WARN_DOCUMENTATION_COMMENTS = YES;
				CLANG_WARN_EMPTY_BODY = YES;
				CLANG_WARN_ENUM_CONVERSION = YES;
				CLANG_WARN_INFINITE_RECURSION = YES;
				CLANG_WARN_INT_CONVERSION = YES;
				CLANG_WARN_NON_LITERAL_NULL_CONVERSION = YES;
				CLANG_WARN_OBJC_IMPLICIT_RETAIN_SELF = YES;
				CLANG_WARN_OBJC_LITERAL_CONVERSION = YES;
				CLANG_WARN_OBJC_ROOT_CLASS = YES_ERROR;
				CLANG_WARN_QUOTED_INCLUDE_IN_FRAMEWORK_HEADER = YES;
				CLANG_WARN_RANGE_LOOP_ANALYSIS = YES;
				CLANG_WARN_STRICT_PROTOTYPES = YES;
				CLANG_WARN_SUSPICIOUS_MOVE = YES;
				CLANG_WARN_UNGUARDED_AVAILABILITY = YES_AGGRESSIVE;
				CLANG_WARN_UNREACHABLE_CODE = YES;
				CLANG_WARN__DUPLICATE_METHOD_MATCH = YES;
				COPY_PHASE_STRIP = NO;
				DEBUG_INFORMATION_FORMAT = "dwarf-with-dsym";
				ENABLE_NS_ASSERTIONS = NO;
				ENABLE_STRICT_OBJC_MSGSEND = YES;
				GCC_C_LANGUAGE_STANDARD = gnu11;
				GCC_NO_COMMON_BLOCKS = YES;
				GCC_WARN_64_TO_32_BIT_CONVERSION = YES;
				GCC_WARN_ABOUT_RETURN_TYPE = YES_ERROR;
				GCC_WARN_UNDECLARED_SELECTOR = YES;
				GCC_WARN_UNINITIALIZED_AUTOS = YES_AGGRESSIVE;
				GCC_WARN_UNUSED_FUNCTION = YES;
				GCC_WARN_UNUSED_VARIABLE = YES;
				IPHONEOS_DEPLOYMENT_TARGET = 12.0;
				MTL_ENABLE_DEBUG_INFO = NO;
				MTL_FAST_MATH = YES;
				SDKROOT = iphoneos;
				SWIFT_COMPILATION_MODE = wholemodule;
				SWIFT_OPTIMIZATION_LEVEL = "-O";
				VALIDATE_PRODUCT = YES;
			};
			name = Release;
		};
		FE29394728B02B5B00D606BD /* Debug */ = {
			isa = XCBuildConfiguration;
			buildSettings = {
				ASSETCATALOG_COMPILER_APPICON_NAME = AppIcon;
				ASSETCATALOG_COMPILER_GLOBAL_ACCENT_COLOR_NAME = AccentColor;
				CODE_SIGN_STYLE = Automatic;
				DEVELOPMENT_TEAM = PV8996N9P3;
				INFOPLIST_FILE = PharosIosAssignment/Info.plist;
				LD_RUNPATH_SEARCH_PATHS = (
					"$(inherited)",
					"@executable_path/Frameworks",
				);
				PRODUCT_BUNDLE_IDENTIFIER = KhalidSafwany.PharosIosAssignment;
				PRODUCT_NAME = "$(TARGET_NAME)";
				SWIFT_VERSION = 5.0;
				TARGETED_DEVICE_FAMILY = "1,2";
			};
			name = Debug;
		};
		FE29394828B02B5B00D606BD /* Release */ = {
			isa = XCBuildConfiguration;
			buildSettings = {
				ASSETCATALOG_COMPILER_APPICON_NAME = AppIcon;
				ASSETCATALOG_COMPILER_GLOBAL_ACCENT_COLOR_NAME = AccentColor;
				CODE_SIGN_STYLE = Automatic;
				DEVELOPMENT_TEAM = PV8996N9P3;
				INFOPLIST_FILE = PharosIosAssignment/Info.plist;
				LD_RUNPATH_SEARCH_PATHS = (
					"$(inherited)",
					"@executable_path/Frameworks",
				);
				PRODUCT_BUNDLE_IDENTIFIER = KhalidSafwany.PharosIosAssignment;
				PRODUCT_NAME = "$(TARGET_NAME)";
				SWIFT_VERSION = 5.0;
				TARGETED_DEVICE_FAMILY = "1,2";
			};
			name = Release;
		};
		FE29394A28B02B5B00D606BD /* Debug */ = {
			isa = XCBuildConfiguration;
			buildSettings = {
				ALWAYS_EMBED_SWIFT_STANDARD_LIBRARIES = YES;
				BUNDLE_LOADER = "$(TEST_HOST)";
				CODE_SIGN_STYLE = Automatic;
				DEVELOPMENT_TEAM = PV8996N9P3;
				INFOPLIST_FILE = PharosIosAssignmentTests/Info.plist;
				IPHONEOS_DEPLOYMENT_TARGET = 14.3;
				LD_RUNPATH_SEARCH_PATHS = (
					"$(inherited)",
					"@executable_path/Frameworks",
					"@loader_path/Frameworks",
				);
				PRODUCT_BUNDLE_IDENTIFIER = KhalidSafwany.PharosIosAssignmentTests;
				PRODUCT_NAME = "$(TARGET_NAME)";
				SWIFT_VERSION = 5.0;
				TARGETED_DEVICE_FAMILY = "1,2";
				TEST_HOST = "$(BUILT_PRODUCTS_DIR)/PharosIosAssignment.app/PharosIosAssignment";
			};
			name = Debug;
		};
		FE29394B28B02B5B00D606BD /* Release */ = {
			isa = XCBuildConfiguration;
			buildSettings = {
				ALWAYS_EMBED_SWIFT_STANDARD_LIBRARIES = YES;
				BUNDLE_LOADER = "$(TEST_HOST)";
				CODE_SIGN_STYLE = Automatic;
				DEVELOPMENT_TEAM = PV8996N9P3;
				INFOPLIST_FILE = PharosIosAssignmentTests/Info.plist;
				IPHONEOS_DEPLOYMENT_TARGET = 14.3;
				LD_RUNPATH_SEARCH_PATHS = (
					"$(inherited)",
					"@executable_path/Frameworks",
					"@loader_path/Frameworks",
				);
				PRODUCT_BUNDLE_IDENTIFIER = KhalidSafwany.PharosIosAssignmentTests;
				PRODUCT_NAME = "$(TARGET_NAME)";
				SWIFT_VERSION = 5.0;
				TARGETED_DEVICE_FAMILY = "1,2";
				TEST_HOST = "$(BUILT_PRODUCTS_DIR)/PharosIosAssignment.app/PharosIosAssignment";
			};
			name = Release;
		};
		FE29394D28B02B5B00D606BD /* Debug */ = {
			isa = XCBuildConfiguration;
			buildSettings = {
				ALWAYS_EMBED_SWIFT_STANDARD_LIBRARIES = YES;
				CODE_SIGN_STYLE = Automatic;
				DEVELOPMENT_TEAM = PV8996N9P3;
				INFOPLIST_FILE = PharosIosAssignmentUITests/Info.plist;
				LD_RUNPATH_SEARCH_PATHS = (
					"$(inherited)",
					"@executable_path/Frameworks",
					"@loader_path/Frameworks",
				);
				PRODUCT_BUNDLE_IDENTIFIER = KhalidSafwany.PharosIosAssignmentUITests;
				PRODUCT_NAME = "$(TARGET_NAME)";
				SWIFT_VERSION = 5.0;
				TARGETED_DEVICE_FAMILY = "1,2";
				TEST_TARGET_NAME = PharosIosAssignment;
			};
			name = Debug;
		};
		FE29394E28B02B5B00D606BD /* Release */ = {
			isa = XCBuildConfiguration;
			buildSettings = {
				ALWAYS_EMBED_SWIFT_STANDARD_LIBRARIES = YES;
				CODE_SIGN_STYLE = Automatic;
				DEVELOPMENT_TEAM = PV8996N9P3;
				INFOPLIST_FILE = PharosIosAssignmentUITests/Info.plist;
				LD_RUNPATH_SEARCH_PATHS = (
					"$(inherited)",
					"@executable_path/Frameworks",
					"@loader_path/Frameworks",
				);
				PRODUCT_BUNDLE_IDENTIFIER = KhalidSafwany.PharosIosAssignmentUITests;
				PRODUCT_NAME = "$(TARGET_NAME)";
				SWIFT_VERSION = 5.0;
				TARGETED_DEVICE_FAMILY = "1,2";
				TEST_TARGET_NAME = PharosIosAssignment;
			};
			name = Release;
		};
/* End XCBuildConfiguration section */

/* Begin XCConfigurationList section */
		FE29391428B02B5A00D606BD /* Build configuration list for PBXProject "PharosIosAssignment" */ = {
			isa = XCConfigurationList;
			buildConfigurations = (
				FE29394428B02B5B00D606BD /* Debug */,
				FE29394528B02B5B00D606BD /* Release */,
			);
			defaultConfigurationIsVisible = 0;
			defaultConfigurationName = Release;
		};
		FE29394628B02B5B00D606BD /* Build configuration list for PBXNativeTarget "PharosIosAssignment" */ = {
			isa = XCConfigurationList;
			buildConfigurations = (
				FE29394728B02B5B00D606BD /* Debug */,
				FE29394828B02B5B00D606BD /* Release */,
			);
			defaultConfigurationIsVisible = 0;
			defaultConfigurationName = Release;
		};
		FE29394928B02B5B00D606BD /* Build configuration list for PBXNativeTarget "PharosIosAssignmentTests" */ = {
			isa = XCConfigurationList;
			buildConfigurations = (
				FE29394A28B02B5B00D606BD /* Debug */,
				FE29394B28B02B5B00D606BD /* Release */,
			);
			defaultConfigurationIsVisible = 0;
			defaultConfigurationName = Release;
		};
		FE29394C28B02B5B00D606BD /* Build configuration list for PBXNativeTarget "PharosIosAssignmentUITests" */ = {
			isa = XCConfigurationList;
			buildConfigurations = (
				FE29394D28B02B5B00D606BD /* Debug */,
				FE29394E28B02B5B00D606BD /* Release */,
			);
			defaultConfigurationIsVisible = 0;
			defaultConfigurationName = Release;
		};
/* End XCConfigurationList section */

/* Begin XCVersionGroup section */
		FE29392528B02B5A00D606BD /* PharosIosAssignment.xcdatamodeld */ = {
			isa = XCVersionGroup;
			children = (
				FE29392628B02B5A00D606BD /* PharosIosAssignment.xcdatamodel */,
			);
			currentVersion = FE29392628B02B5A00D606BD /* PharosIosAssignment.xcdatamodel */;
			path = PharosIosAssignment.xcdatamodeld;
			sourceTree = "<group>";
			versionGroupType = wrapper.xcdatamodel;
		};
/* End XCVersionGroup section */
	};
	rootObject = FE29391128B02B5A00D606BD /* Project object */;
}
